
Microsoft Visual Studio Solution File, Format Version 12.00
# Visual Studio Version 16
VisualStudioVersion = 16.0.29519.87
MinimumVisualStudioVersion = 10.0.40219.1
Project("{FAE04EC0-301F-11D3-BF4B-00C04F79EFBC}") = "PSL", "PSL\PSL.csproj", "{11D7153D-7A02-4CC5-BAF9-BA489DCD2976}"
EndProject
Global
	GlobalSection(SolutionConfigurationPlatforms) = preSolution
		Debug|Any CPU = Debug|Any CPU
		Release|Any CPU = Release|Any CPU
	EndGlobalSection
	GlobalSection(ProjectConfigurationPlatforms) = postSolution
		{11D7153D-7A02-4CC5-BAF9-BA489DCD2976}.Debug|Any CPU.ActiveCfg = Debug|Any CPU
		{11D7153D-7A02-4CC5-BAF9-BA489DCD2976}.Debug|Any CPU.Build.0 = Debug|Any CPU
		{11D7153D-7A02-4CC5-BAF9-BA489DCD2976}.Release|Any CPU.ActiveCfg = Release|Any CPU
		{11D7153D-7A02-4CC5-BAF9-BA489DCD2976}.Release|Any CPU.Build.0 = Release|Any CPU
	EndGlobalSection
	GlobalSection(SolutionProperties) = preSolution
		HideSolutionNode = FALSE
	EndGlobalSection
	GlobalSection(ExtensibilityGlobals) = postSolution
		SolutionGuid = {F6E1E47D-6550-4432-9CB6-D15B5406D43D}
	EndGlobalSection
EndGlobal
